
Microsoft Visual Studio Solution File, Format Version 12.00
# Visual Studio Version 17
VisualStudioVersion = 17.7.34024.191
MinimumVisualStudioVersion = 10.0.40219.1
Project("{8BC9CEB8-8B4A-11D0-8D11-00A0C91BC942}") = "Lab5.5", "Lab5.5\Lab5.5.vcxproj", "{ABB10512-2485-4D0F-B49E-39B75EBBF93E}"
EndProject
Project("{8BC9CEB8-8B4A-11D0-8D11-00A0C91BC942}") = "UnitTest1", "UnitTest1\UnitTest1.vcxproj", "{B842AE93-9BDC-4E32-8AF7-E25BD9E80440}"
EndProject
Global
	GlobalSection(SolutionConfigurationPlatforms) = preSolution
		Debug|x64 = Debug|x64
		Debug|x86 = Debug|x86
		Release|x64 = Release|x64
		Release|x86 = Release|x86
	EndGlobalSection
	GlobalSection(ProjectConfigurationPlatforms) = postSolution
		{ABB10512-2485-4D0F-B49E-39B75EBBF93E}.Debug|x64.ActiveCfg = Debug|x64
		{ABB10512-2485-4D0F-B49E-39B75EBBF93E}.Debug|x64.Build.0 = Debug|x64
		{ABB10512-2485-4D0F-B49E-39B75EBBF93E}.Debug|x86.ActiveCfg = Debug|Win32
		{ABB10512-2485-4D0F-B49E-39B75EBBF93E}.Debug|x86.Build.0 = Debug|Win32
		{ABB10512-2485-4D0F-B49E-39B75EBBF93E}.Release|x64.ActiveCfg = Release|x64
		{ABB10512-2485-4D0F-B49E-39B75EBBF93E}.Release|x64.Build.0 = Release|x64
		{ABB10512-2485-4D0F-B49E-39B75EBBF93E}.Release|x86.ActiveCfg = Release|Win32
		{ABB10512-2485-4D0F-B49E-39B75EBBF93E}.Release|x86.Build.0 = Release|Win32
		{B842AE93-9BDC-4E32-8AF7-E25BD9E80440}.Debug|x64.ActiveCfg = Debug|x64
		{B842AE93-9BDC-4E32-8AF7-E25BD9E80440}.Debug|x64.Build.0 = Debug|x64
		{B842AE93-9BDC-4E32-8AF7-E25BD9E80440}.Debug|x86.ActiveCfg = Debug|Win32
		{B842AE93-9BDC-4E32-8AF7-E25BD9E80440}.Debug|x86.Build.0 = Debug|Win32
		{B842AE93-9BDC-4E32-8AF7-E25BD9E80440}.Release|x64.ActiveCfg = Release|x64
		{B842AE93-9BDC-4E32-8AF7-E25BD9E80440}.Release|x64.Build.0 = Release|x64
		{B842AE93-9BDC-4E32-8AF7-E25BD9E80440}.Release|x86.ActiveCfg = Release|Win32
		{B842AE93-9BDC-4E32-8AF7-E25BD9E80440}.Release|x86.Build.0 = Release|Win32
	EndGlobalSection
	GlobalSection(SolutionProperties) = preSolution
		HideSolutionNode = FALSE
	EndGlobalSection
	GlobalSection(ExtensibilityGlobals) = postSolution
		SolutionGuid = {A5C2FD12-0614-4085-8135-D023B2AE0955}
	EndGlobalSection
EndGlobal
